
Microsoft Visual Studio Solution File, Format Version 12.00
# Visual Studio Version 16
VisualStudioVersion = 16.0.29318.209
MinimumVisualStudioVersion = 10.0.40219.1
Project("{9092AA53-FB77-4645-B42D-1CCCA6BD08BD}") = "OodWebsite", "OodWebsite\OodWebsite.njsproj", "{FD97CEA3-284D-4E58-8758-631F91070232}"
EndProject
Project("{00D1A9C2-B5F0-4AF3-8072-F6C62B433612}") = "OodDatabase", "OodDatabase\OodDatabase.sqlproj", "{7BA95349-0AD0-43C3-AA8E-28B4EDF67EBE}"
EndProject
Global
	GlobalSection(SolutionConfigurationPlatforms) = preSolution
		Debug|Any CPU = Debug|Any CPU
		Release|Any CPU = Release|Any CPU
	EndGlobalSection
	GlobalSection(ProjectConfigurationPlatforms) = postSolution
		{FD97CEA3-284D-4E58-8758-631F91070232}.Debug|Any CPU.ActiveCfg = Debug|Any CPU
		{FD97CEA3-284D-4E58-8758-631F91070232}.Debug|Any CPU.Build.0 = Debug|Any CPU
		{FD97CEA3-284D-4E58-8758-631F91070232}.Release|Any CPU.ActiveCfg = Release|Any CPU
		{FD97CEA3-284D-4E58-8758-631F91070232}.Release|Any CPU.Build.0 = Release|Any CPU
		{7BA95349-0AD0-43C3-AA8E-28B4EDF67EBE}.Debug|Any CPU.ActiveCfg = Debug|Any CPU
		{7BA95349-0AD0-43C3-AA8E-28B4EDF67EBE}.Debug|Any CPU.Build.0 = Debug|Any CPU
		{7BA95349-0AD0-43C3-AA8E-28B4EDF67EBE}.Debug|Any CPU.Deploy.0 = Debug|Any CPU
		{7BA95349-0AD0-43C3-AA8E-28B4EDF67EBE}.Release|Any CPU.ActiveCfg = Release|Any CPU
		{7BA95349-0AD0-43C3-AA8E-28B4EDF67EBE}.Release|Any CPU.Build.0 = Release|Any CPU
		{7BA95349-0AD0-43C3-AA8E-28B4EDF67EBE}.Release|Any CPU.Deploy.0 = Release|Any CPU
	EndGlobalSection
	GlobalSection(SolutionProperties) = preSolution
		HideSolutionNode = FALSE
	EndGlobalSection
	GlobalSection(ExtensibilityGlobals) = postSolution
		SolutionGuid = {E5711999-7034-4B08-9267-12AD6771DCC1}
	EndGlobalSection
EndGlobal
